
Microsoft Visual Studio Solution File, Format Version 12.00
# Visual Studio 14
VisualStudioVersion = 14.0.25123.0
MinimumVisualStudioVersion = 10.0.40219.1
Project("{FAE04EC0-301F-11D3-BF4B-00C04F79EFBC}") = "JunAndChihiro.Droid", "JunAndChihiro\JunAndChihiro.Droid\JunAndChihiro.Droid.csproj", "{3B3CF0B8-B66B-4B5E-8F91-C83CFF4FA23A}"
EndProject
Project("{FAE04EC0-301F-11D3-BF4B-00C04F79EFBC}") = "JunAndChihiro.iOS", "JunAndChihiro\JunAndChihiro.iOS\JunAndChihiro.iOS.csproj", "{87511697-F319-41CF-AEEB-533E4D1D9DA3}"
EndProject
Project("{FAE04EC0-301F-11D3-BF4B-00C04F79EFBC}") = "JunAndChihiro.WinPhone", "JunAndChihiro\JunAndChihiro.WinPhone\JunAndChihiro.WinPhone.csproj", "{3172AEE5-BDF9-4BE6-B7CB-BEC0BAA8C073}"
EndProject
Project("{FAE04EC0-301F-11D3-BF4B-00C04F79EFBC}") = "JunAndChihiro.UWP", "JunAndChihiro\JunAndChihiro.UWP\JunAndChihiro.UWP.csproj", "{AB8241EE-36FC-45BE-8733-8DEC6928E883}"
EndProject
Project("{FAE04EC0-301F-11D3-BF4B-00C04F79EFBC}") = "JunAndChihiro.Windows", "JunAndChihiro\JunAndChihiro.Windows\JunAndChihiro.Windows.csproj", "{75EEB851-CA34-4BBF-8749-3813CE6C3C68}"
EndProject
Project("{FAE04EC0-301F-11D3-BF4B-00C04F79EFBC}") = "JunAndChihiro", "JunAndChihiro\JunAndChihiro\JunAndChihiro.csproj", "{A657B206-FA5F-413C-83E3-2BBF40DD98A5}"
EndProject
Global
	GlobalSection(SolutionConfigurationPlatforms) = preSolution
		Ad-Hoc|Any CPU = Ad-Hoc|Any CPU
		Ad-Hoc|ARM = Ad-Hoc|ARM
		Ad-Hoc|iPhone = Ad-Hoc|iPhone
		Ad-Hoc|iPhoneSimulator = Ad-Hoc|iPhoneSimulator
		Ad-Hoc|x64 = Ad-Hoc|x64
		Ad-Hoc|x86 = Ad-Hoc|x86
		AppStore|Any CPU = AppStore|Any CPU
		AppStore|ARM = AppStore|ARM
		AppStore|iPhone = AppStore|iPhone
		AppStore|iPhoneSimulator = AppStore|iPhoneSimulator
		AppStore|x64 = AppStore|x64
		AppStore|x86 = AppStore|x86
		Debug|Any CPU = Debug|Any CPU
		Debug|ARM = Debug|ARM
		Debug|iPhone = Debug|iPhone
		Debug|iPhoneSimulator = Debug|iPhoneSimulator
		Debug|x64 = Debug|x64
		Debug|x86 = Debug|x86
		Release|Any CPU = Release|Any CPU
		Release|ARM = Release|ARM
		Release|iPhone = Release|iPhone
		Release|iPhoneSimulator = Release|iPhoneSimulator
		Release|x64 = Release|x64
		Release|x86 = Release|x86
	EndGlobalSection
	GlobalSection(ProjectConfigurationPlatforms) = postSolution
		{3B3CF0B8-B66B-4B5E-8F91-C83CFF4FA23A}.Ad-Hoc|Any CPU.ActiveCfg = Release|Any CPU
		{3B3CF0B8-B66B-4B5E-8F91-C83CFF4FA23A}.Ad-Hoc|Any CPU.Build.0 = Release|Any CPU
		{3B3CF0B8-B66B-4B5E-8F91-C83CFF4FA23A}.Ad-Hoc|Any CPU.Deploy.0 = Release|Any CPU
		{3B3CF0B8-B66B-4B5E-8F91-C83CFF4FA23A}.Ad-Hoc|ARM.ActiveCfg = Release|Any CPU
		{3B3CF0B8-B66B-4B5E-8F91-C83CFF4FA23A}.Ad-Hoc|ARM.Build.0 = Release|Any CPU
		{3B3CF0B8-B66B-4B5E-8F91-C83CFF4FA23A}.Ad-Hoc|ARM.Deploy.0 = Release|Any CPU
		{3B3CF0B8-B66B-4B5E-8F91-C83CFF4FA23A}.Ad-Hoc|iPhone.ActiveCfg = Release|Any CPU
		{3B3CF0B8-B66B-4B5E-8F91-C83CFF4FA23A}.Ad-Hoc|iPhone.Build.0 = Release|Any CPU
		{3B3CF0B8-B66B-4B5E-8F91-C83CFF4FA23A}.Ad-Hoc|iPhone.Deploy.0 = Release|Any CPU
		{3B3CF0B8-B66B-4B5E-8F91-C83CFF4FA23A}.Ad-Hoc|iPhoneSimulator.ActiveCfg = Release|Any CPU
		{3B3CF0B8-B66B-4B5E-8F91-C83CFF4FA23A}.Ad-Hoc|iPhoneSimulator.Build.0 = Release|Any CPU
		{3B3CF0B8-B66B-4B5E-8F91-C83CFF4FA23A}.Ad-Hoc|iPhoneSimulator.Deploy.0 = Release|Any CPU
		{3B3CF0B8-B66B-4B5E-8F91-C83CFF4FA23A}.Ad-Hoc|x64.ActiveCfg = Release|Any CPU
		{3B3CF0B8-B66B-4B5E-8F91-C83CFF4FA23A}.Ad-Hoc|x64.Build.0 = Release|Any CPU
		{3B3CF0B8-B66B-4B5E-8F91-C83CFF4FA23A}.Ad-Hoc|x64.Deploy.0 = Release|Any CPU
		{3B3CF0B8-B66B-4B5E-8F91-C83CFF4FA23A}.Ad-Hoc|x86.ActiveCfg = Release|Any CPU
		{3B3CF0B8-B66B-4B5E-8F91-C83CFF4FA23A}.Ad-Hoc|x86.Build.0 = Release|Any CPU
		{3B3CF0B8-B66B-4B5E-8F91-C83CFF4FA23A}.Ad-Hoc|x86.Deploy.0 = Release|Any CPU
		{3B3CF0B8-B66B-4B5E-8F91-C83CFF4FA23A}.AppStore|Any CPU.ActiveCfg = Release|Any CPU
		{3B3CF0B8-B66B-4B5E-8F91-C83CFF4FA23A}.AppStore|Any CPU.Build.0 = Release|Any CPU
		{3B3CF0B8-B66B-4B5E-8F91-C83CFF4FA23A}.AppStore|Any CPU.Deploy.0 = Release|Any CPU
		{3B3CF0B8-B66B-4B5E-8F91-C83CFF4FA23A}.AppStore|ARM.ActiveCfg = Release|Any CPU
		{3B3CF0B8-B66B-4B5E-8F91-C83CFF4FA23A}.AppStore|ARM.Build.0 = Release|Any CPU
		{3B3CF0B8-B66B-4B5E-8F91-C83CFF4FA23A}.AppStore|ARM.Deploy.0 = Release|Any CPU
		{3B3CF0B8-B66B-4B5E-8F91-C83CFF4FA23A}.AppStore|iPhone.ActiveCfg = Release|Any CPU
		{3B3CF0B8-B66B-4B5E-8F91-C83CFF4FA23A}.AppStore|iPhone.Build.0 = Release|Any CPU
		{3B3CF0B8-B66B-4B5E-8F91-C83CFF4FA23A}.AppStore|iPhone.Deploy.0 = Release|Any CPU
		{3B3CF0B8-B66B-4B5E-8F91-C83CFF4FA23A}.AppStore|iPhoneSimulator.ActiveCfg = Release|Any CPU
		{3B3CF0B8-B66B-4B5E-8F91-C83CFF4FA23A}.AppStore|iPhoneSimulator.Build.0 = Release|Any CPU
		{3B3CF0B8-B66B-4B5E-8F91-C83CFF4FA23A}.AppStore|iPhoneSimulator.Deploy.0 = Release|Any CPU
		{3B3CF0B8-B66B-4B5E-8F91-C83CFF4FA23A}.AppStore|x64.ActiveCfg = Release|Any CPU
		{3B3CF0B8-B66B-4B5E-8F91-C83CFF4FA23A}.AppStore|x64.Build.0 = Release|Any CPU
		{3B3CF0B8-B66B-4B5E-8F91-C83CFF4FA23A}.AppStore|x64.Deploy.0 = Release|Any CPU
		{3B3CF0B8-B66B-4B5E-8F91-C83CFF4FA23A}.AppStore|x86.ActiveCfg = Release|Any CPU
		{3B3CF0B8-B66B-4B5E-8F91-C83CFF4FA23A}.AppStore|x86.Build.0 = Release|Any CPU
		{3B3CF0B8-B66B-4B5E-8F91-C83CFF4FA23A}.AppStore|x86.Deploy.0 = Release|Any CPU
		{3B3CF0B8-B66B-4B5E-8F91-C83CFF4FA23A}.Debug|Any CPU.ActiveCfg = Debug|Any CPU
		{3B3CF0B8-B66B-4B5E-8F91-C83CFF4FA23A}.Debug|Any CPU.Build.0 = Debug|Any CPU
		{3B3CF0B8-B66B-4B5E-8F91-C83CFF4FA23A}.Debug|Any CPU.Deploy.0 = Debug|Any CPU
		{3B3CF0B8-B66B-4B5E-8F91-C83CFF4FA23A}.Debug|ARM.ActiveCfg = Debug|Any CPU
		{3B3CF0B8-B66B-4B5E-8F91-C83CFF4FA23A}.Debug|ARM.Build.0 = Debug|Any CPU
		{3B3CF0B8-B66B-4B5E-8F91-C83CFF4FA23A}.Debug|ARM.Deploy.0 = Debug|Any CPU
		{3B3CF0B8-B66B-4B5E-8F91-C83CFF4FA23A}.Debug|iPhone.ActiveCfg = Debug|Any CPU
		{3B3CF0B8-B66B-4B5E-8F91-C83CFF4FA23A}.Debug|iPhone.Build.0 = Debug|Any CPU
		{3B3CF0B8-B66B-4B5E-8F91-C83CFF4FA23A}.Debug|iPhone.Deploy.0 = Debug|Any CPU
		{3B3CF0B8-B66B-4B5E-8F91-C83CFF4FA23A}.Debug|iPhoneSimulator.ActiveCfg = Debug|Any CPU
		{3B3CF0B8-B66B-4B5E-8F91-C83CFF4FA23A}.Debug|iPhoneSimulator.Build.0 = Debug|Any CPU
		{3B3CF0B8-B66B-4B5E-8F91-C83CFF4FA23A}.Debug|iPhoneSimulator.Deploy.0 = Debug|Any CPU
		{3B3CF0B8-B66B-4B5E-8F91-C83CFF4FA23A}.Debug|x64.ActiveCfg = Debug|Any CPU
		{3B3CF0B8-B66B-4B5E-8F91-C83CFF4FA23A}.Debug|x64.Build.0 = Debug|Any CPU
		{3B3CF0B8-B66B-4B5E-8F91-C83CFF4FA23A}.Debug|x64.Deploy.0 = Debug|Any CPU
		{3B3CF0B8-B66B-4B5E-8F91-C83CFF4FA23A}.Debug|x86.ActiveCfg = Debug|Any CPU
		{3B3CF0B8-B66B-4B5E-8F91-C83CFF4FA23A}.Debug|x86.Build.0 = Debug|Any CPU
		{3B3CF0B8-B66B-4B5E-8F91-C83CFF4FA23A}.Debug|x86.Deploy.0 = Debug|Any CPU
		{3B3CF0B8-B66B-4B5E-8F91-C83CFF4FA23A}.Release|Any CPU.ActiveCfg = Release|Any CPU
		{3B3CF0B8-B66B-4B5E-8F91-C83CFF4FA23A}.Release|Any CPU.Build.0 = Release|Any CPU
		{3B3CF0B8-B66B-4B5E-8F91-C83CFF4FA23A}.Release|Any CPU.Deploy.0 = Release|Any CPU
		{3B3CF0B8-B66B-4B5E-8F91-C83CFF4FA23A}.Release|ARM.ActiveCfg = Release|Any CPU
		{3B3CF0B8-B66B-4B5E-8F91-C83CFF4FA23A}.Release|ARM.Build.0 = Release|Any CPU
		{3B3CF0B8-B66B-4B5E-8F91-C83CFF4FA23A}.Release|ARM.Deploy.0 = Release|Any CPU
		{3B3CF0B8-B66B-4B5E-8F91-C83CFF4FA23A}.Release|iPhone.ActiveCfg = Release|Any CPU
		{3B3CF0B8-B66B-4B5E-8F91-C83CFF4FA23A}.Release|iPhone.Build.0 = Release|Any CPU
		{3B3CF0B8-B66B-4B5E-8F91-C83CFF4FA23A}.Release|iPhone.Deploy.0 = Release|Any CPU
		{3B3CF0B8-B66B-4B5E-8F91-C83CFF4FA23A}.Release|iPhoneSimulator.ActiveCfg = Release|Any CPU
		{3B3CF0B8-B66B-4B5E-8F91-C83CFF4FA23A}.Release|iPhoneSimulator.Build.0 = Release|Any CPU
		{3B3CF0B8-B66B-4B5E-8F91-C83CFF4FA23A}.Release|iPhoneSimulator.Deploy.0 = Release|Any CPU
		{3B3CF0B8-B66B-4B5E-8F91-C83CFF4FA23A}.Release|x64.ActiveCfg = Release|Any CPU
		{3B3CF0B8-B66B-4B5E-8F91-C83CFF4FA23A}.Release|x64.Build.0 = Release|Any CPU
		{3B3CF0B8-B66B-4B5E-8F91-C83CFF4FA23A}.Release|x64.Deploy.0 = Release|Any CPU
		{3B3CF0B8-B66B-4B5E-8F91-C83CFF4FA23A}.Release|x86.ActiveCfg = Release|Any CPU
		{3B3CF0B8-B66B-4B5E-8F91-C83CFF4FA23A}.Release|x86.Build.0 = Release|Any CPU
		{3B3CF0B8-B66B-4B5E-8F91-C83CFF4FA23A}.Release|x86.Deploy.0 = Release|Any CPU
		{87511697-F319-41CF-AEEB-533E4D1D9DA3}.Ad-Hoc|Any CPU.ActiveCfg = Ad-Hoc|iPhone
		{87511697-F319-41CF-AEEB-533E4D1D9DA3}.Ad-Hoc|ARM.ActiveCfg = Ad-Hoc|iPhone
		{87511697-F319-41CF-AEEB-533E4D1D9DA3}.Ad-Hoc|iPhone.ActiveCfg = Ad-Hoc|iPhone
		{87511697-F319-41CF-AEEB-533E4D1D9DA3}.Ad-Hoc|iPhone.Build.0 = Ad-Hoc|iPhone
		{87511697-F319-41CF-AEEB-533E4D1D9DA3}.Ad-Hoc|iPhoneSimulator.ActiveCfg = Ad-Hoc|iPhoneSimulator
		{87511697-F319-41CF-AEEB-533E4D1D9DA3}.Ad-Hoc|iPhoneSimulator.Build.0 = Ad-Hoc|iPhoneSimulator
		{87511697-F319-41CF-AEEB-533E4D1D9DA3}.Ad-Hoc|x64.ActiveCfg = Ad-Hoc|iPhone
		{87511697-F319-41CF-AEEB-533E4D1D9DA3}.Ad-Hoc|x86.ActiveCfg = Ad-Hoc|iPhone
		{87511697-F319-41CF-AEEB-533E4D1D9DA3}.AppStore|Any CPU.ActiveCfg = AppStore|iPhone
		{87511697-F319-41CF-AEEB-533E4D1D9DA3}.AppStore|ARM.ActiveCfg = AppStore|iPhone
		{87511697-F319-41CF-AEEB-533E4D1D9DA3}.AppStore|iPhone.ActiveCfg = AppStore|iPhone
		{87511697-F319-41CF-AEEB-533E4D1D9DA3}.AppStore|iPhone.Build.0 = AppStore|iPhone
		{87511697-F319-41CF-AEEB-533E4D1D9DA3}.AppStore|iPhoneSimulator.ActiveCfg = AppStore|iPhoneSimulator
		{87511697-F319-41CF-AEEB-533E4D1D9DA3}.AppStore|iPhoneSimulator.Build.0 = AppStore|iPhoneSimulator
		{87511697-F319-41CF-AEEB-533E4D1D9DA3}.AppStore|x64.ActiveCfg = AppStore|iPhone
		{87511697-F319-41CF-AEEB-533E4D1D9DA3}.AppStore|x86.ActiveCfg = AppStore|iPhone
		{87511697-F319-41CF-AEEB-533E4D1D9DA3}.Debug|Any CPU.ActiveCfg = Debug|iPhone
		{87511697-F319-41CF-AEEB-533E4D1D9DA3}.Debug|Any CPU.Build.0 = Debug|iPhone
		{87511697-F319-41CF-AEEB-533E4D1D9DA3}.Debug|ARM.ActiveCfg = Debug|iPhone
		{87511697-F319-41CF-AEEB-533E4D1D9DA3}.Debug|iPhone.ActiveCfg = Debug|iPhone
		{87511697-F319-41CF-AEEB-533E4D1D9DA3}.Debug|iPhone.Build.0 = Debug|iPhone
		{87511697-F319-41CF-AEEB-533E4D1D9DA3}.Debug|iPhoneSimulator.ActiveCfg = Debug|iPhoneSimulator
		{87511697-F319-41CF-AEEB-533E4D1D9DA3}.Debug|x64.ActiveCfg = Debug|iPhone
		{87511697-F319-41CF-AEEB-533E4D1D9DA3}.Debug|x86.ActiveCfg = Debug|iPhone
		{87511697-F319-41CF-AEEB-533E4D1D9DA3}.Release|Any CPU.ActiveCfg = Release|iPhone
		{87511697-F319-41CF-AEEB-533E4D1D9DA3}.Release|ARM.ActiveCfg = Release|iPhone
		{87511697-F319-41CF-AEEB-533E4D1D9DA3}.Release|iPhone.ActiveCfg = Release|iPhone
		{87511697-F319-41CF-AEEB-533E4D1D9DA3}.Release|iPhone.Build.0 = Release|iPhone
		{87511697-F319-41CF-AEEB-533E4D1D9DA3}.Release|iPhoneSimulator.ActiveCfg = Release|iPhoneSimulator
		{87511697-F319-41CF-AEEB-533E4D1D9DA3}.Release|iPhoneSimulator.Build.0 = Release|iPhoneSimulator
		{87511697-F319-41CF-AEEB-533E4D1D9DA3}.Release|x64.ActiveCfg = Release|iPhone
		{87511697-F319-41CF-AEEB-533E4D1D9DA3}.Release|x86.ActiveCfg = Release|iPhone
		{3172AEE5-BDF9-4BE6-B7CB-BEC0BAA8C073}.Ad-Hoc|Any CPU.ActiveCfg = Release|Any CPU
		{3172AEE5-BDF9-4BE6-B7CB-BEC0BAA8C073}.Ad-Hoc|Any CPU.Build.0 = Release|Any CPU
		{3172AEE5-BDF9-4BE6-B7CB-BEC0BAA8C073}.Ad-Hoc|Any CPU.Deploy.0 = Release|Any CPU
		{3172AEE5-BDF9-4BE6-B7CB-BEC0BAA8C073}.Ad-Hoc|ARM.ActiveCfg = Release|ARM
		{3172AEE5-BDF9-4BE6-B7CB-BEC0BAA8C073}.Ad-Hoc|ARM.Build.0 = Release|ARM
		{3172AEE5-BDF9-4BE6-B7CB-BEC0BAA8C073}.Ad-Hoc|ARM.Deploy.0 = Release|ARM
		{3172AEE5-BDF9-4BE6-B7CB-BEC0BAA8C073}.Ad-Hoc|iPhone.ActiveCfg = Release|Any CPU
		{3172AEE5-BDF9-4BE6-B7CB-BEC0BAA8C073}.Ad-Hoc|iPhone.Build.0 = Release|Any CPU
		{3172AEE5-BDF9-4BE6-B7CB-BEC0BAA8C073}.Ad-Hoc|iPhone.Deploy.0 = Release|Any CPU
		{3172AEE5-BDF9-4BE6-B7CB-BEC0BAA8C073}.Ad-Hoc|iPhoneSimulator.ActiveCfg = Release|Any CPU
		{3172AEE5-BDF9-4BE6-B7CB-BEC0BAA8C073}.Ad-Hoc|iPhoneSimulator.Build.0 = Release|Any CPU
		{3172AEE5-BDF9-4BE6-B7CB-BEC0BAA8C073}.Ad-Hoc|iPhoneSimulator.Deploy.0 = Release|Any CPU
		{3172AEE5-BDF9-4BE6-B7CB-BEC0BAA8C073}.Ad-Hoc|x64.ActiveCfg = Release|Any CPU
		{3172AEE5-BDF9-4BE6-B7CB-BEC0BAA8C073}.Ad-Hoc|x64.Build.0 = Release|Any CPU
		{3172AEE5-BDF9-4BE6-B7CB-BEC0BAA8C073}.Ad-Hoc|x64.Deploy.0 = Release|Any CPU
		{3172AEE5-BDF9-4BE6-B7CB-BEC0BAA8C073}.Ad-Hoc|x86.ActiveCfg = Release|x86
		{3172AEE5-BDF9-4BE6-B7CB-BEC0BAA8C073}.Ad-Hoc|x86.Build.0 = Release|x86
		{3172AEE5-BDF9-4BE6-B7CB-BEC0BAA8C073}.Ad-Hoc|x86.Deploy.0 = Release|x86
		{3172AEE5-BDF9-4BE6-B7CB-BEC0BAA8C073}.AppStore|Any CPU.ActiveCfg = Release|Any CPU
		{3172AEE5-BDF9-4BE6-B7CB-BEC0BAA8C073}.AppStore|Any CPU.Build.0 = Release|Any CPU
		{3172AEE5-BDF9-4BE6-B7CB-BEC0BAA8C073}.AppStore|Any CPU.Deploy.0 = Release|Any CPU
		{3172AEE5-BDF9-4BE6-B7CB-BEC0BAA8C073}.AppStore|ARM.ActiveCfg = Release|ARM
		{3172AEE5-BDF9-4BE6-B7CB-BEC0BAA8C073}.AppStore|ARM.Build.0 = Release|ARM
		{3172AEE5-BDF9-4BE6-B7CB-BEC0BAA8C073}.AppStore|ARM.Deploy.0 = Release|ARM
		{3172AEE5-BDF9-4BE6-B7CB-BEC0BAA8C073}.AppStore|iPhone.ActiveCfg = Release|Any CPU
		{3172AEE5-BDF9-4BE6-B7CB-BEC0BAA8C073}.AppStore|iPhone.Build.0 = Release|Any CPU
		{3172AEE5-BDF9-4BE6-B7CB-BEC0BAA8C073}.AppStore|iPhone.Deploy.0 = Release|Any CPU
		{3172AEE5-BDF9-4BE6-B7CB-BEC0BAA8C073}.AppStore|iPhoneSimulator.ActiveCfg = Release|Any CPU
		{3172AEE5-BDF9-4BE6-B7CB-BEC0BAA8C073}.AppStore|iPhoneSimulator.Build.0 = Release|Any CPU
		{3172AEE5-BDF9-4BE6-B7CB-BEC0BAA8C073}.AppStore|iPhoneSimulator.Deploy.0 = Release|Any CPU
		{3172AEE5-BDF9-4BE6-B7CB-BEC0BAA8C073}.AppStore|x64.ActiveCfg = Release|Any CPU
		{3172AEE5-BDF9-4BE6-B7CB-BEC0BAA8C073}.AppStore|x64.Build.0 = Release|Any CPU
		{3172AEE5-BDF9-4BE6-B7CB-BEC0BAA8C073}.AppStore|x64.Deploy.0 = Release|Any CPU
		{3172AEE5-BDF9-4BE6-B7CB-BEC0BAA8C073}.AppStore|x86.ActiveCfg = Release|x86
		{3172AEE5-BDF9-4BE6-B7CB-BEC0BAA8C073}.AppStore|x86.Build.0 = Release|x86
		{3172AEE5-BDF9-4BE6-B7CB-BEC0BAA8C073}.AppStore|x86.Deploy.0 = Release|x86
		{3172AEE5-BDF9-4BE6-B7CB-BEC0BAA8C073}.Debug|Any CPU.ActiveCfg = Debug|Any CPU
		{3172AEE5-BDF9-4BE6-B7CB-BEC0BAA8C073}.Debug|ARM.ActiveCfg = Debug|ARM
		{3172AEE5-BDF9-4BE6-B7CB-BEC0BAA8C073}.Debug|ARM.Build.0 = Debug|ARM
		{3172AEE5-BDF9-4BE6-B7CB-BEC0BAA8C073}.Debug|ARM.Deploy.0 = Debug|ARM
		{3172AEE5-BDF9-4BE6-B7CB-BEC0BAA8C073}.Debug|iPhone.ActiveCfg = Debug|Any CPU
		{3172AEE5-BDF9-4BE6-B7CB-BEC0BAA8C073}.Debug|iPhone.Build.0 = Debug|Any CPU
		{3172AEE5-BDF9-4BE6-B7CB-BEC0BAA8C073}.Debug|iPhone.Deploy.0 = Debug|Any CPU
		{3172AEE5-BDF9-4BE6-B7CB-BEC0BAA8C073}.Debug|iPhoneSimulator.ActiveCfg = Debug|Any CPU
		{3172AEE5-BDF9-4BE6-B7CB-BEC0BAA8C073}.Debug|x64.ActiveCfg = Debug|Any CPU
		{3172AEE5-BDF9-4BE6-B7CB-BEC0BAA8C073}.Debug|x64.Build.0 = Debug|Any CPU
		{3172AEE5-BDF9-4BE6-B7CB-BEC0BAA8C073}.Debug|x64.Deploy.0 = Debug|Any CPU
		{3172AEE5-BDF9-4BE6-B7CB-BEC0BAA8C073}.Debug|x86.ActiveCfg = Debug|x86
		{3172AEE5-BDF9-4BE6-B7CB-BEC0BAA8C073}.Debug|x86.Build.0 = Debug|x86
		{3172AEE5-BDF9-4BE6-B7CB-BEC0BAA8C073}.Debug|x86.Deploy.0 = Debug|x86
		{3172AEE5-BDF9-4BE6-B7CB-BEC0BAA8C073}.Release|Any CPU.ActiveCfg = Release|Any CPU
		{3172AEE5-BDF9-4BE6-B7CB-BEC0BAA8C073}.Release|Any CPU.Build.0 = Release|Any CPU
		{3172AEE5-BDF9-4BE6-B7CB-BEC0BAA8C073}.Release|Any CPU.Deploy.0 = Release|Any CPU
		{3172AEE5-BDF9-4BE6-B7CB-BEC0BAA8C073}.Release|ARM.ActiveCfg = Release|ARM
		{3172AEE5-BDF9-4BE6-B7CB-BEC0BAA8C073}.Release|ARM.Build.0 = Release|ARM
		{3172AEE5-BDF9-4BE6-B7CB-BEC0BAA8C073}.Release|ARM.Deploy.0 = Release|ARM
		{3172AEE5-BDF9-4BE6-B7CB-BEC0BAA8C073}.Release|iPhone.ActiveCfg = Release|Any CPU
		{3172AEE5-BDF9-4BE6-B7CB-BEC0BAA8C073}.Release|iPhone.Build.0 = Release|Any CPU
		{3172AEE5-BDF9-4BE6-B7CB-BEC0BAA8C073}.Release|iPhone.Deploy.0 = Release|Any CPU
		{3172AEE5-BDF9-4BE6-B7CB-BEC0BAA8C073}.Release|iPhoneSimulator.ActiveCfg = Release|Any CPU
		{3172AEE5-BDF9-4BE6-B7CB-BEC0BAA8C073}.Release|iPhoneSimulator.Build.0 = Release|Any CPU
		{3172AEE5-BDF9-4BE6-B7CB-BEC0BAA8C073}.Release|iPhoneSimulator.Deploy.0 = Release|Any CPU
		{3172AEE5-BDF9-4BE6-B7CB-BEC0BAA8C073}.Release|x64.ActiveCfg = Release|Any CPU
		{3172AEE5-BDF9-4BE6-B7CB-BEC0BAA8C073}.Release|x64.Build.0 = Release|Any CPU
		{3172AEE5-BDF9-4BE6-B7CB-BEC0BAA8C073}.Release|x64.Deploy.0 = Release|Any CPU
		{3172AEE5-BDF9-4BE6-B7CB-BEC0BAA8C073}.Release|x86.ActiveCfg = Release|x86
		{3172AEE5-BDF9-4BE6-B7CB-BEC0BAA8C073}.Release|x86.Build.0 = Release|x86
		{3172AEE5-BDF9-4BE6-B7CB-BEC0BAA8C073}.Release|x86.Deploy.0 = Release|x86
		{AB8241EE-36FC-45BE-8733-8DEC6928E883}.Ad-Hoc|Any CPU.ActiveCfg = Release|x86
		{AB8241EE-36FC-45BE-8733-8DEC6928E883}.Ad-Hoc|Any CPU.Build.0 = Release|x86
		{AB8241EE-36FC-45BE-8733-8DEC6928E883}.Ad-Hoc|Any CPU.Deploy.0 = Release|x86
		{AB8241EE-36FC-45BE-8733-8DEC6928E883}.Ad-Hoc|ARM.ActiveCfg = Release|ARM
		{AB8241EE-36FC-45BE-8733-8DEC6928E883}.Ad-Hoc|ARM.Build.0 = Release|ARM
		{AB8241EE-36FC-45BE-8733-8DEC6928E883}.Ad-Hoc|ARM.Deploy.0 = Release|ARM
		{AB8241EE-36FC-45BE-8733-8DEC6928E883}.Ad-Hoc|iPhone.ActiveCfg = Release|x86
		{AB8241EE-36FC-45BE-8733-8DEC6928E883}.Ad-Hoc|iPhone.Build.0 = Release|x86
		{AB8241EE-36FC-45BE-8733-8DEC6928E883}.Ad-Hoc|iPhone.Deploy.0 = Release|x86
		{AB8241EE-36FC-45BE-8733-8DEC6928E883}.Ad-Hoc|iPhoneSimulator.ActiveCfg = Release|x86
		{AB8241EE-36FC-45BE-8733-8DEC6928E883}.Ad-Hoc|iPhoneSimulator.Build.0 = Release|x86
		{AB8241EE-36FC-45BE-8733-8DEC6928E883}.Ad-Hoc|iPhoneSimulator.Deploy.0 = Release|x86
		{AB8241EE-36FC-45BE-8733-8DEC6928E883}.Ad-Hoc|x64.ActiveCfg = Release|x64
		{AB8241EE-36FC-45BE-8733-8DEC6928E883}.Ad-Hoc|x64.Build.0 = Release|x64
		{AB8241EE-36FC-45BE-8733-8DEC6928E883}.Ad-Hoc|x64.Deploy.0 = Release|x64
		{AB8241EE-36FC-45BE-8733-8DEC6928E883}.Ad-Hoc|x86.ActiveCfg = Release|x86
		{AB8241EE-36FC-45BE-8733-8DEC6928E883}.Ad-Hoc|x86.Build.0 = Release|x86
		{AB8241EE-36FC-45BE-8733-8DEC6928E883}.Ad-Hoc|x86.Deploy.0 = Release|x86
		{AB8241EE-36FC-45BE-8733-8DEC6928E883}.AppStore|Any CPU.ActiveCfg = Release|x86
		{AB8241EE-36FC-45BE-8733-8DEC6928E883}.AppStore|Any CPU.Build.0 = Release|x86
		{AB8241EE-36FC-45BE-8733-8DEC6928E883}.AppStore|Any CPU.Deploy.0 = Release|x86
		{AB8241EE-36FC-45BE-8733-8DEC6928E883}.AppStore|ARM.ActiveCfg = Release|ARM
		{AB8241EE-36FC-45BE-8733-8DEC6928E883}.AppStore|ARM.Build.0 = Release|ARM
		{AB8241EE-36FC-45BE-8733-8DEC6928E883}.AppStore|ARM.Deploy.0 = Release|ARM
		{AB8241EE-36FC-45BE-8733-8DEC6928E883}.AppStore|iPhone.ActiveCfg = Release|x86
		{AB8241EE-36FC-45BE-8733-8DEC6928E883}.AppStore|iPhone.Build.0 = Release|x86
		{AB8241EE-36FC-45BE-8733-8DEC6928E883}.AppStore|iPhone.Deploy.0 = Release|x86
		{AB8241EE-36FC-45BE-8733-8DEC6928E883}.AppStore|iPhoneSimulator.ActiveCfg = Release|x86
		{AB8241EE-36FC-45BE-8733-8DEC6928E883}.AppStore|iPhoneSimulator.Build.0 = Release|x86
		{AB8241EE-36FC-45BE-8733-8DEC6928E883}.AppStore|iPhoneSimulator.Deploy.0 = Release|x86
		{AB8241EE-36FC-45BE-8733-8DEC6928E883}.AppStore|x64.ActiveCfg = Release|x64
		{AB8241EE-36FC-45BE-8733-8DEC6928E883}.AppStore|x64.Build.0 = Release|x64
		{AB8241EE-36FC-45BE-8733-8DEC6928E883}.AppStore|x64.Deploy.0 = Release|x64
		{AB8241EE-36FC-45BE-8733-8DEC6928E883}.AppStore|x86.ActiveCfg = Release|x86
		{AB8241EE-36FC-45BE-8733-8DEC6928E883}.AppStore|x86.Build.0 = Release|x86
		{AB8241EE-36FC-45BE-8733-8DEC6928E883}.AppStore|x86.Deploy.0 = Release|x86
		{AB8241EE-36FC-45BE-8733-8DEC6928E883}.Debug|Any CPU.ActiveCfg = Debug|x86
		{AB8241EE-36FC-45BE-8733-8DEC6928E883}.Debug|ARM.ActiveCfg = Debug|ARM
		{AB8241EE-36FC-45BE-8733-8DEC6928E883}.Debug|ARM.Build.0 = Debug|ARM
		{AB8241EE-36FC-45BE-8733-8DEC6928E883}.Debug|ARM.Deploy.0 = Debug|ARM
		{AB8241EE-36FC-45BE-8733-8DEC6928E883}.Debug|iPhone.ActiveCfg = Debug|x86
		{AB8241EE-36FC-45BE-8733-8DEC6928E883}.Debug|iPhoneSimulator.ActiveCfg = Debug|x86
		{AB8241EE-36FC-45BE-8733-8DEC6928E883}.Debug|x64.ActiveCfg = Debug|x64
		{AB8241EE-36FC-45BE-8733-8DEC6928E883}.Debug|x64.Build.0 = Debug|x64
		{AB8241EE-36FC-45BE-8733-8DEC6928E883}.Debug|x64.Deploy.0 = Debug|x64
		{AB8241EE-36FC-45BE-8733-8DEC6928E883}.Debug|x86.ActiveCfg = Debug|x86
		{AB8241EE-36FC-45BE-8733-8DEC6928E883}.Debug|x86.Build.0 = Debug|x86
		{AB8241EE-36FC-45BE-8733-8DEC6928E883}.Debug|x86.Deploy.0 = Debug|x86
		{AB8241EE-36FC-45BE-8733-8DEC6928E883}.Release|Any CPU.ActiveCfg = Release|x86
		{AB8241EE-36FC-45BE-8733-8DEC6928E883}.Release|ARM.ActiveCfg = Release|ARM
		{AB8241EE-36FC-45BE-8733-8DEC6928E883}.Release|ARM.Build.0 = Release|ARM
		{AB8241EE-36FC-45BE-8733-8DEC6928E883}.Release|ARM.Deploy.0 = Release|ARM
		{AB8241EE-36FC-45BE-8733-8DEC6928E883}.Release|iPhone.ActiveCfg = Release|x86
		{AB8241EE-36FC-45BE-8733-8DEC6928E883}.Release|iPhoneSimulator.ActiveCfg = Release|x86
		{AB8241EE-36FC-45BE-8733-8DEC6928E883}.Release|x64.ActiveCfg = Release|x64
		{AB8241EE-36FC-45BE-8733-8DEC6928E883}.Release|x64.Build.0 = Release|x64
		{AB8241EE-36FC-45BE-8733-8DEC6928E883}.Release|x64.Deploy.0 = Release|x64
		{AB8241EE-36FC-45BE-8733-8DEC6928E883}.Release|x86.ActiveCfg = Release|x86
		{AB8241EE-36FC-45BE-8733-8DEC6928E883}.Release|x86.Build.0 = Release|x86
		{AB8241EE-36FC-45BE-8733-8DEC6928E883}.Release|x86.Deploy.0 = Release|x86
		{75EEB851-CA34-4BBF-8749-3813CE6C3C68}.Ad-Hoc|Any CPU.ActiveCfg = Release|Any CPU
		{75EEB851-CA34-4BBF-8749-3813CE6C3C68}.Ad-Hoc|Any CPU.Build.0 = Release|Any CPU
		{75EEB851-CA34-4BBF-8749-3813CE6C3C68}.Ad-Hoc|Any CPU.Deploy.0 = Release|Any CPU
		{75EEB851-CA34-4BBF-8749-3813CE6C3C68}.Ad-Hoc|ARM.ActiveCfg = Release|ARM
		{75EEB851-CA34-4BBF-8749-3813CE6C3C68}.Ad-Hoc|ARM.Build.0 = Release|ARM
		{75EEB851-CA34-4BBF-8749-3813CE6C3C68}.Ad-Hoc|ARM.Deploy.0 = Release|ARM
		{75EEB851-CA34-4BBF-8749-3813CE6C3C68}.Ad-Hoc|iPhone.ActiveCfg = Release|Any CPU
		{75EEB851-CA34-4BBF-8749-3813CE6C3C68}.Ad-Hoc|iPhone.Build.0 = Release|Any CPU
		{75EEB851-CA34-4BBF-8749-3813CE6C3C68}.Ad-Hoc|iPhone.Deploy.0 = Release|Any CPU
		{75EEB851-CA34-4BBF-8749-3813CE6C3C68}.Ad-Hoc|iPhoneSimulator.ActiveCfg = Release|Any CPU
		{75EEB851-CA34-4BBF-8749-3813CE6C3C68}.Ad-Hoc|iPhoneSimulator.Build.0 = Release|Any CPU
		{75EEB851-CA34-4BBF-8749-3813CE6C3C68}.Ad-Hoc|iPhoneSimulator.Deploy.0 = Release|Any CPU
		{75EEB851-CA34-4BBF-8749-3813CE6C3C68}.Ad-Hoc|x64.ActiveCfg = Release|x64
		{75EEB851-CA34-4BBF-8749-3813CE6C3C68}.Ad-Hoc|x64.Build.0 = Release|x64
		{75EEB851-CA34-4BBF-8749-3813CE6C3C68}.Ad-Hoc|x64.Deploy.0 = Release|x64
		{75EEB851-CA34-4BBF-8749-3813CE6C3C68}.Ad-Hoc|x86.ActiveCfg = Release|x86
		{75EEB851-CA34-4BBF-8749-3813CE6C3C68}.Ad-Hoc|x86.Build.0 = Release|x86
		{75EEB851-CA34-4BBF-8749-3813CE6C3C68}.Ad-Hoc|x86.Deploy.0 = Release|x86
		{75EEB851-CA34-4BBF-8749-3813CE6C3C68}.AppStore|Any CPU.ActiveCfg = Release|Any CPU
		{75EEB851-CA34-4BBF-8749-3813CE6C3C68}.AppStore|Any CPU.Build.0 = Release|Any CPU
		{75EEB851-CA34-4BBF-8749-3813CE6C3C68}.AppStore|Any CPU.Deploy.0 = Release|Any CPU
		{75EEB851-CA34-4BBF-8749-3813CE6C3C68}.AppStore|ARM.ActiveCfg = Release|ARM
		{75EEB851-CA34-4BBF-8749-3813CE6C3C68}.AppStore|ARM.Build.0 = Release|ARM
		{75EEB851-CA34-4BBF-8749-3813CE6C3C68}.AppStore|ARM.Deploy.0 = Release|ARM
		{75EEB851-CA34-4BBF-8749-3813CE6C3C68}.AppStore|iPhone.ActiveCfg = Release|Any CPU
		{75EEB851-CA34-4BBF-8749-3813CE6C3C68}.AppStore|iPhone.Build.0 = Release|Any CPU
		{75EEB851-CA34-4BBF-8749-3813CE6C3C68}.AppStore|iPhone.Deploy.0 = Release|Any CPU
		{75EEB851-CA34-4BBF-8749-3813CE6C3C68}.AppStore|iPhoneSimulator.ActiveCfg = Release|Any CPU
		{75EEB851-CA34-4BBF-8749-3813CE6C3C68}.AppStore|iPhoneSimulator.Build.0 = Release|Any CPU
		{75EEB851-CA34-4BBF-8749-3813CE6C3C68}.AppStore|iPhoneSimulator.Deploy.0 = Release|Any CPU
		{75EEB851-CA34-4BBF-8749-3813CE6C3C68}.AppStore|x64.ActiveCfg = Release|x64
		{75EEB851-CA34-4BBF-8749-3813CE6C3C68}.AppStore|x64.Build.0 = Release|x64
		{75EEB851-CA34-4BBF-8749-3813CE6C3C68}.AppStore|x64.Deploy.0 = Release|x64
		{75EEB851-CA34-4BBF-8749-3813CE6C3C68}.AppStore|x86.ActiveCfg = Release|x86
		{75EEB851-CA34-4BBF-8749-3813CE6C3C68}.AppStore|x86.Build.0 = Release|x86
		{75EEB851-CA34-4BBF-8749-3813CE6C3C68}.AppStore|x86.Deploy.0 = Release|x86
		{75EEB851-CA34-4BBF-8749-3813CE6C3C68}.Debug|Any CPU.ActiveCfg = Debug|Any CPU
		{75EEB851-CA34-4BBF-8749-3813CE6C3C68}.Debug|ARM.ActiveCfg = Debug|ARM
		{75EEB851-CA34-4BBF-8749-3813CE6C3C68}.Debug|ARM.Build.0 = Debug|ARM
		{75EEB851-CA34-4BBF-8749-3813CE6C3C68}.Debug|ARM.Deploy.0 = Debug|ARM
		{75EEB851-CA34-4BBF-8749-3813CE6C3C68}.Debug|iPhone.ActiveCfg = Debug|Any CPU
		{75EEB851-CA34-4BBF-8749-3813CE6C3C68}.Debug|iPhone.Build.0 = Debug|Any CPU
		{75EEB851-CA34-4BBF-8749-3813CE6C3C68}.Debug|iPhone.Deploy.0 = Debug|Any CPU
		{75EEB851-CA34-4BBF-8749-3813CE6C3C68}.Debug|iPhoneSimulator.ActiveCfg = Debug|Any CPU
		{75EEB851-CA34-4BBF-8749-3813CE6C3C68}.Debug|x64.ActiveCfg = Debug|x64
		{75EEB851-CA34-4BBF-8749-3813CE6C3C68}.Debug|x64.Build.0 = Debug|x64
		{75EEB851-CA34-4BBF-8749-3813CE6C3C68}.Debug|x64.Deploy.0 = Debug|x64
		{75EEB851-CA34-4BBF-8749-3813CE6C3C68}.Debug|x86.ActiveCfg = Debug|x86
		{75EEB851-CA34-4BBF-8749-3813CE6C3C68}.Debug|x86.Build.0 = Debug|x86
		{75EEB851-CA34-4BBF-8749-3813CE6C3C68}.Debug|x86.Deploy.0 = Debug|x86
		{75EEB851-CA34-4BBF-8749-3813CE6C3C68}.Release|Any CPU.ActiveCfg = Release|Any CPU
		{75EEB851-CA34-4BBF-8749-3813CE6C3C68}.Release|Any CPU.Build.0 = Release|Any CPU
		{75EEB851-CA34-4BBF-8749-3813CE6C3C68}.Release|Any CPU.Deploy.0 = Release|Any CPU
		{75EEB851-CA34-4BBF-8749-3813CE6C3C68}.Release|ARM.ActiveCfg = Release|ARM
		{75EEB851-CA34-4BBF-8749-3813CE6C3C68}.Release|ARM.Build.0 = Release|ARM
		{75EEB851-CA34-4BBF-8749-3813CE6C3C68}.Release|ARM.Deploy.0 = Release|ARM
		{75EEB851-CA34-4BBF-8749-3813CE6C3C68}.Release|iPhone.ActiveCfg = Release|Any CPU
		{75EEB851-CA34-4BBF-8749-3813CE6C3C68}.Release|iPhone.Build.0 = Release|Any CPU
		{75EEB851-CA34-4BBF-8749-3813CE6C3C68}.Release|iPhone.Deploy.0 = Release|Any CPU
		{75EEB851-CA34-4BBF-8749-3813CE6C3C68}.Release|iPhoneSimulator.ActiveCfg = Release|Any CPU
		{75EEB851-CA34-4BBF-8749-3813CE6C3C68}.Release|iPhoneSimulator.Build.0 = Release|Any CPU
		{75EEB851-CA34-4BBF-8749-3813CE6C3C68}.Release|iPhoneSimulator.Deploy.0 = Release|Any CPU
		{75EEB851-CA34-4BBF-8749-3813CE6C3C68}.Release|x64.ActiveCfg = Release|x64
		{75EEB851-CA34-4BBF-8749-3813CE6C3C68}.Release|x64.Build.0 = Release|x64
		{75EEB851-CA34-4BBF-8749-3813CE6C3C68}.Release|x64.Deploy.0 = Release|x64
		{75EEB851-CA34-4BBF-8749-3813CE6C3C68}.Release|x86.ActiveCfg = Release|x86
		{75EEB851-CA34-4BBF-8749-3813CE6C3C68}.Release|x86.Build.0 = Release|x86
		{75EEB851-CA34-4BBF-8749-3813CE6C3C68}.Release|x86.Deploy.0 = Release|x86
		{A657B206-FA5F-413C-83E3-2BBF40DD98A5}.Ad-Hoc|Any CPU.ActiveCfg = Release|Any CPU
		{A657B206-FA5F-413C-83E3-2BBF40DD98A5}.Ad-Hoc|Any CPU.Build.0 = Release|Any CPU
		{A657B206-FA5F-413C-83E3-2BBF40DD98A5}.Ad-Hoc|ARM.ActiveCfg = Release|Any CPU
		{A657B206-FA5F-413C-83E3-2BBF40DD98A5}.Ad-Hoc|ARM.Build.0 = Release|Any CPU
		{A657B206-FA5F-413C-83E3-2BBF40DD98A5}.Ad-Hoc|iPhone.ActiveCfg = Release|Any CPU
		{A657B206-FA5F-413C-83E3-2BBF40DD98A5}.Ad-Hoc|iPhone.Build.0 = Release|Any CPU
		{A657B206-FA5F-413C-83E3-2BBF40DD98A5}.Ad-Hoc|iPhoneSimulator.ActiveCfg = Release|Any CPU
		{A657B206-FA5F-413C-83E3-2BBF40DD98A5}.Ad-Hoc|iPhoneSimulator.Build.0 = Release|Any CPU
		{A657B206-FA5F-413C-83E3-2BBF40DD98A5}.Ad-Hoc|x64.ActiveCfg = Release|Any CPU
		{A657B206-FA5F-413C-83E3-2BBF40DD98A5}.Ad-Hoc|x64.Build.0 = Release|Any CPU
		{A657B206-FA5F-413C-83E3-2BBF40DD98A5}.Ad-Hoc|x86.ActiveCfg = Release|Any CPU
		{A657B206-FA5F-413C-83E3-2BBF40DD98A5}.Ad-Hoc|x86.Build.0 = Release|Any CPU
		{A657B206-FA5F-413C-83E3-2BBF40DD98A5}.AppStore|Any CPU.ActiveCfg = Release|Any CPU
		{A657B206-FA5F-413C-83E3-2BBF40DD98A5}.AppStore|Any CPU.Build.0 = Release|Any CPU
		{A657B206-FA5F-413C-83E3-2BBF40DD98A5}.AppStore|ARM.ActiveCfg = Release|Any CPU
		{A657B206-FA5F-413C-83E3-2BBF40DD98A5}.AppStore|ARM.Build.0 = Release|Any CPU
		{A657B206-FA5F-413C-83E3-2BBF40DD98A5}.AppStore|iPhone.ActiveCfg = Release|Any CPU
		{A657B206-FA5F-413C-83E3-2BBF40DD98A5}.AppStore|iPhone.Build.0 = Release|Any CPU
		{A657B206-FA5F-413C-83E3-2BBF40DD98A5}.AppStore|iPhoneSimulator.ActiveCfg = Release|Any CPU
		{A657B206-FA5F-413C-83E3-2BBF40DD98A5}.AppStore|iPhoneSimulator.Build.0 = Release|Any CPU
		{A657B206-FA5F-413C-83E3-2BBF40DD98A5}.AppStore|x64.ActiveCfg = Release|Any CPU
		{A657B206-FA5F-413C-83E3-2BBF40DD98A5}.AppStore|x64.Build.0 = Release|Any CPU
		{A657B206-FA5F-413C-83E3-2BBF40DD98A5}.AppStore|x86.ActiveCfg = Release|Any CPU
		{A657B206-FA5F-413C-83E3-2BBF40DD98A5}.AppStore|x86.Build.0 = Release|Any CPU
		{A657B206-FA5F-413C-83E3-2BBF40DD98A5}.Debug|Any CPU.ActiveCfg = Debug|Any CPU
		{A657B206-FA5F-413C-83E3-2BBF40DD98A5}.Debug|Any CPU.Build.0 = Debug|Any CPU
		{A657B206-FA5F-413C-83E3-2BBF40DD98A5}.Debug|ARM.ActiveCfg = Debug|Any CPU
		{A657B206-FA5F-413C-83E3-2BBF40DD98A5}.Debug|ARM.Build.0 = Debug|Any CPU
		{A657B206-FA5F-413C-83E3-2BBF40DD98A5}.Debug|iPhone.ActiveCfg = Debug|Any CPU
		{A657B206-FA5F-413C-83E3-2BBF40DD98A5}.Debug|iPhone.Build.0 = Debug|Any CPU
		{A657B206-FA5F-413C-83E3-2BBF40DD98A5}.Debug|iPhoneSimulator.ActiveCfg = Debug|Any CPU
		{A657B206-FA5F-413C-83E3-2BBF40DD98A5}.Debug|iPhoneSimulator.Build.0 = Debug|Any CPU
		{A657B206-FA5F-413C-83E3-2BBF40DD98A5}.Debug|x64.ActiveCfg = Debug|Any CPU
		{A657B206-FA5F-413C-83E3-2BBF40DD98A5}.Debug|x64.Build.0 = Debug|Any CPU
		{A657B206-FA5F-413C-83E3-2BBF40DD98A5}.Debug|x86.ActiveCfg = Debug|Any CPU
		{A657B206-FA5F-413C-83E3-2BBF40DD98A5}.Debug|x86.Build.0 = Debug|Any CPU
		{A657B206-FA5F-413C-83E3-2BBF40DD98A5}.Release|Any CPU.ActiveCfg = Release|Any CPU
		{A657B206-FA5F-413C-83E3-2BBF40DD98A5}.Release|Any CPU.Build.0 = Release|Any CPU
		{A657B206-FA5F-413C-83E3-2BBF40DD98A5}.Release|ARM.ActiveCfg = Release|Any CPU
		{A657B206-FA5F-413C-83E3-2BBF40DD98A5}.Release|ARM.Build.0 = Release|Any CPU
		{A657B206-FA5F-413C-83E3-2BBF40DD98A5}.Release|iPhone.ActiveCfg = Release|Any CPU
		{A657B206-FA5F-413C-83E3-2BBF40DD98A5}.Release|iPhone.Build.0 = Release|Any CPU
		{A657B206-FA5F-413C-83E3-2BBF40DD98A5}.Release|iPhoneSimulator.ActiveCfg = Release|Any CPU
		{A657B206-FA5F-413C-83E3-2BBF40DD98A5}.Release|iPhoneSimulator.Build.0 = Release|Any CPU
		{A657B206-FA5F-413C-83E3-2BBF40DD98A5}.Release|x64.ActiveCfg = Release|Any CPU
		{A657B206-FA5F-413C-83E3-2BBF40DD98A5}.Release|x64.Build.0 = Release|Any CPU
		{A657B206-FA5F-413C-83E3-2BBF40DD98A5}.Release|x86.ActiveCfg = Release|Any CPU
		{A657B206-FA5F-413C-83E3-2BBF40DD98A5}.Release|x86.Build.0 = Release|Any CPU
	EndGlobalSection
	GlobalSection(SolutionProperties) = preSolution
		HideSolutionNode = FALSE
	EndGlobalSection
EndGlobal
